
Microsoft Visual Studio Solution File, Format Version 12.00
# Visual Studio 15
VisualStudioVersion = 15.0.27428.2005
MinimumVisualStudioVersion = 10.0.40219.1
Project("{FAE04EC0-301F-11D3-BF4B-00C04F79EFBC}") = "核心语法库", "核心语法库\核心语法库.csproj", "{8E7B2FC4-9C2F-4A00-BDB7-C17B342DC8C6}"
EndProject
Project("{FAE04EC0-301F-11D3-BF4B-00C04F79EFBC}") = "控制台", "控制台\控制台.csproj", "{17F88921-0AF7-4E11-8878-896E3B995F1F}"
EndProject
Project("{2150E333-8FDC-42A3-9474-1A3956D46DE8}") = "创建型设计模式", "创建型设计模式", "{6DE7C1CA-8EEE-426F-9104-63C1D1431B89}"
EndProject
Project("{FAE04EC0-301F-11D3-BF4B-00C04F79EFBC}") = "简单工厂", "简单工厂\简单工厂.csproj", "{50E34AF6-C9B6-486C-8764-0413A855915C}"
EndProject
Project("{FAE04EC0-301F-11D3-BF4B-00C04F79EFBC}") = "单例模式", "单例模式\单例模式.csproj", "{D707984E-945F-42A8-B9D9-1B980EB43E58}"
EndProject
Project("{FAE04EC0-301F-11D3-BF4B-00C04F79EFBC}") = "抽象工厂", "抽象工厂\抽象工厂.csproj", "{8BA5C26C-94D1-4FE1-AB91-0825F08E3161}"
EndProject
Project("{FAE04EC0-301F-11D3-BF4B-00C04F79EFBC}") = "工厂方法", "工厂方法\工厂方法.csproj", "{E8093088-5F00-446C-9123-DDAFC9ACA0E7}"
EndProject
Project("{FAE04EC0-301F-11D3-BF4B-00C04F79EFBC}") = "Socket服务端", "Socket服务端\Socket服务端.csproj", "{E2E8BAB5-30DC-4CCE-B984-23422EF5E744}"
EndProject
Project("{FAE04EC0-301F-11D3-BF4B-00C04F79EFBC}") = "Socket客户端", "Socket客户端\Socket客户端.csproj", "{43252E5D-8305-46F8-909C-D7A01BB97779}"
EndProject
Project("{FAE04EC0-301F-11D3-BF4B-00C04F79EFBC}") = "Socket服务端二", "Socket服务端二\Socket服务端二.csproj", "{021B2D57-750A-4EEA-AB38-005D288EA152}"
EndProject
Project("{FAE04EC0-301F-11D3-BF4B-00C04F79EFBC}") = "Socket客户端二", "Socket客户端二\Socket客户端二.csproj", "{269DC7C8-3B60-4130-BBCA-6B110F36167C}"
EndProject
Project("{2150E333-8FDC-42A3-9474-1A3956D46DE8}") = "权限管理系统", "权限管理系统", "{0765C483-D69C-406B-B74B-EF755323AFC5}"
EndProject
Project("{FAE04EC0-301F-11D3-BF4B-00C04F79EFBC}") = "Jurisdiction", "Jurisdiction\Jurisdiction.csproj", "{B09C2126-4FF7-49FB-B098-94743580766B}"
EndProject
Project("{FAE04EC0-301F-11D3-BF4B-00C04F79EFBC}") = "SocketServer", "SocketServer\SocketServer.csproj", "{930F7993-47B3-4F52-B558-88E59F11FE34}"
EndProject
Project("{FAE04EC0-301F-11D3-BF4B-00C04F79EFBC}") = "SocketClient", "SocketClient\SocketClient.csproj", "{1BDC86DA-A23C-480C-B757-D6FCEB92FEE7}"
EndProject
Project("{FAE04EC0-301F-11D3-BF4B-00C04F79EFBC}") = "Server", "Server\Server.csproj", "{DD6D0E1B-D764-45E4-969B-FDF8F843C8E0}"
EndProject
Project("{FAE04EC0-301F-11D3-BF4B-00C04F79EFBC}") = "Client", "Client\Client.csproj", "{E6507AC0-0DC4-41BB-82E9-A55F070FAF5A}"
EndProject
Project("{FAE04EC0-301F-11D3-BF4B-00C04F79EFBC}") = "Lab", "Lab\Lab.csproj", "{904D2A55-F862-47FC-B4DF-74599A9DC093}"
EndProject
Project("{2150E333-8FDC-42A3-9474-1A3956D46DE8}") = "架构设计模式", "架构设计模式", "{45D4079C-4EB2-4B66-B099-B9AB8B13B090}"
EndProject
Project("{2150E333-8FDC-42A3-9474-1A3956D46DE8}") = "反射", "反射", "{CDC424F5-3B33-48EA-8024-34F7FE262B52}"
EndProject
Project("{FAE04EC0-301F-11D3-BF4B-00C04F79EFBC}") = "MyReflecton", "MyReflecton\MyReflecton.csproj", "{FB66CE43-8AF7-4E71-BD3F-418102FD2F82}"
EndProject
Project("{FAE04EC0-301F-11D3-BF4B-00C04F79EFBC}") = "DapperUse", "DapperUse\DapperUse.csproj", "{C516FC3A-90FC-445D-856D-819382FD2970}"
EndProject
Project("{FAE04EC0-301F-11D3-BF4B-00C04F79EFBC}") = "EF", "EF\EF.csproj", "{4C2BBE91-E5BD-430F-85F7-1293987E555F}"
EndProject
Project("{FAE04EC0-301F-11D3-BF4B-00C04F79EFBC}") = "ScriptCompressor", "ScriptCompressor\ScriptCompressor.csproj", "{A80EFBBE-7647-4497-80F7-D0A69FF3930F}"
EndProject
Global
	GlobalSection(SolutionConfigurationPlatforms) = preSolution
		Debug|Any CPU = Debug|Any CPU
		Release|Any CPU = Release|Any CPU
	EndGlobalSection
	GlobalSection(ProjectConfigurationPlatforms) = postSolution
		{8E7B2FC4-9C2F-4A00-BDB7-C17B342DC8C6}.Debug|Any CPU.ActiveCfg = Debug|Any CPU
		{8E7B2FC4-9C2F-4A00-BDB7-C17B342DC8C6}.Debug|Any CPU.Build.0 = Debug|Any CPU
		{8E7B2FC4-9C2F-4A00-BDB7-C17B342DC8C6}.Release|Any CPU.ActiveCfg = Release|Any CPU
		{8E7B2FC4-9C2F-4A00-BDB7-C17B342DC8C6}.Release|Any CPU.Build.0 = Release|Any CPU
		{17F88921-0AF7-4E11-8878-896E3B995F1F}.Debug|Any CPU.ActiveCfg = Debug|Any CPU
		{17F88921-0AF7-4E11-8878-896E3B995F1F}.Debug|Any CPU.Build.0 = Debug|Any CPU
		{17F88921-0AF7-4E11-8878-896E3B995F1F}.Release|Any CPU.ActiveCfg = Release|Any CPU
		{17F88921-0AF7-4E11-8878-896E3B995F1F}.Release|Any CPU.Build.0 = Release|Any CPU
		{50E34AF6-C9B6-486C-8764-0413A855915C}.Debug|Any CPU.ActiveCfg = Debug|Any CPU
		{50E34AF6-C9B6-486C-8764-0413A855915C}.Debug|Any CPU.Build.0 = Debug|Any CPU
		{50E34AF6-C9B6-486C-8764-0413A855915C}.Release|Any CPU.ActiveCfg = Release|Any CPU
		{50E34AF6-C9B6-486C-8764-0413A855915C}.Release|Any CPU.Build.0 = Release|Any CPU
		{D707984E-945F-42A8-B9D9-1B980EB43E58}.Debug|Any CPU.ActiveCfg = Debug|Any CPU
		{D707984E-945F-42A8-B9D9-1B980EB43E58}.Debug|Any CPU.Build.0 = Debug|Any CPU
		{D707984E-945F-42A8-B9D9-1B980EB43E58}.Release|Any CPU.ActiveCfg = Release|Any CPU
		{D707984E-945F-42A8-B9D9-1B980EB43E58}.Release|Any CPU.Build.0 = Release|Any CPU
		{8BA5C26C-94D1-4FE1-AB91-0825F08E3161}.Debug|Any CPU.ActiveCfg = Debug|Any CPU
		{8BA5C26C-94D1-4FE1-AB91-0825F08E3161}.Debug|Any CPU.Build.0 = Debug|Any CPU
		{8BA5C26C-94D1-4FE1-AB91-0825F08E3161}.Release|Any CPU.ActiveCfg = Release|Any CPU
		{8BA5C26C-94D1-4FE1-AB91-0825F08E3161}.Release|Any CPU.Build.0 = Release|Any CPU
		{E8093088-5F00-446C-9123-DDAFC9ACA0E7}.Debug|Any CPU.ActiveCfg = Debug|Any CPU
		{E8093088-5F00-446C-9123-DDAFC9ACA0E7}.Debug|Any CPU.Build.0 = Debug|Any CPU
		{E8093088-5F00-446C-9123-DDAFC9ACA0E7}.Release|Any CPU.ActiveCfg = Release|Any CPU
		{E8093088-5F00-446C-9123-DDAFC9ACA0E7}.Release|Any CPU.Build.0 = Release|Any CPU
		{E2E8BAB5-30DC-4CCE-B984-23422EF5E744}.Debug|Any CPU.ActiveCfg = Debug|Any CPU
		{E2E8BAB5-30DC-4CCE-B984-23422EF5E744}.Debug|Any CPU.Build.0 = Debug|Any CPU
		{E2E8BAB5-30DC-4CCE-B984-23422EF5E744}.Release|Any CPU.ActiveCfg = Release|Any CPU
		{E2E8BAB5-30DC-4CCE-B984-23422EF5E744}.Release|Any CPU.Build.0 = Release|Any CPU
		{43252E5D-8305-46F8-909C-D7A01BB97779}.Debug|Any CPU.ActiveCfg = Debug|Any CPU
		{43252E5D-8305-46F8-909C-D7A01BB97779}.Debug|Any CPU.Build.0 = Debug|Any CPU
		{43252E5D-8305-46F8-909C-D7A01BB97779}.Release|Any CPU.ActiveCfg = Release|Any CPU
		{43252E5D-8305-46F8-909C-D7A01BB97779}.Release|Any CPU.Build.0 = Release|Any CPU
		{021B2D57-750A-4EEA-AB38-005D288EA152}.Debug|Any CPU.ActiveCfg = Debug|Any CPU
		{021B2D57-750A-4EEA-AB38-005D288EA152}.Debug|Any CPU.Build.0 = Debug|Any CPU
		{021B2D57-750A-4EEA-AB38-005D288EA152}.Release|Any CPU.ActiveCfg = Release|Any CPU
		{021B2D57-750A-4EEA-AB38-005D288EA152}.Release|Any CPU.Build.0 = Release|Any CPU
		{269DC7C8-3B60-4130-BBCA-6B110F36167C}.Debug|Any CPU.ActiveCfg = Debug|Any CPU
		{269DC7C8-3B60-4130-BBCA-6B110F36167C}.Debug|Any CPU.Build.0 = Debug|Any CPU
		{269DC7C8-3B60-4130-BBCA-6B110F36167C}.Release|Any CPU.ActiveCfg = Release|Any CPU
		{269DC7C8-3B60-4130-BBCA-6B110F36167C}.Release|Any CPU.Build.0 = Release|Any CPU
		{B09C2126-4FF7-49FB-B098-94743580766B}.Debug|Any CPU.ActiveCfg = Debug|Any CPU
		{B09C2126-4FF7-49FB-B098-94743580766B}.Debug|Any CPU.Build.0 = Debug|Any CPU
		{B09C2126-4FF7-49FB-B098-94743580766B}.Release|Any CPU.ActiveCfg = Release|Any CPU
		{B09C2126-4FF7-49FB-B098-94743580766B}.Release|Any CPU.Build.0 = Release|Any CPU
		{930F7993-47B3-4F52-B558-88E59F11FE34}.Debug|Any CPU.ActiveCfg = Debug|Any CPU
		{930F7993-47B3-4F52-B558-88E59F11FE34}.Debug|Any CPU.Build.0 = Debug|Any CPU
		{930F7993-47B3-4F52-B558-88E59F11FE34}.Release|Any CPU.ActiveCfg = Release|Any CPU
		{930F7993-47B3-4F52-B558-88E59F11FE34}.Release|Any CPU.Build.0 = Release|Any CPU
		{1BDC86DA-A23C-480C-B757-D6FCEB92FEE7}.Debug|Any CPU.ActiveCfg = Debug|Any CPU
		{1BDC86DA-A23C-480C-B757-D6FCEB92FEE7}.Debug|Any CPU.Build.0 = Debug|Any CPU
		{1BDC86DA-A23C-480C-B757-D6FCEB92FEE7}.Release|Any CPU.ActiveCfg = Release|Any CPU
		{1BDC86DA-A23C-480C-B757-D6FCEB92FEE7}.Release|Any CPU.Build.0 = Release|Any CPU
		{DD6D0E1B-D764-45E4-969B-FDF8F843C8E0}.Debug|Any CPU.ActiveCfg = Debug|Any CPU
		{DD6D0E1B-D764-45E4-969B-FDF8F843C8E0}.Debug|Any CPU.Build.0 = Debug|Any CPU
		{DD6D0E1B-D764-45E4-969B-FDF8F843C8E0}.Release|Any CPU.ActiveCfg = Release|Any CPU
		{DD6D0E1B-D764-45E4-969B-FDF8F843C8E0}.Release|Any CPU.Build.0 = Release|Any CPU
		{E6507AC0-0DC4-41BB-82E9-A55F070FAF5A}.Debug|Any CPU.ActiveCfg = Debug|Any CPU
		{E6507AC0-0DC4-41BB-82E9-A55F070FAF5A}.Debug|Any CPU.Build.0 = Debug|Any CPU
		{E6507AC0-0DC4-41BB-82E9-A55F070FAF5A}.Release|Any CPU.ActiveCfg = Release|Any CPU
		{E6507AC0-0DC4-41BB-82E9-A55F070FAF5A}.Release|Any CPU.Build.0 = Release|Any CPU
		{904D2A55-F862-47FC-B4DF-74599A9DC093}.Debug|Any CPU.ActiveCfg = Debug|Any CPU
		{904D2A55-F862-47FC-B4DF-74599A9DC093}.Debug|Any CPU.Build.0 = Debug|Any CPU
		{904D2A55-F862-47FC-B4DF-74599A9DC093}.Release|Any CPU.ActiveCfg = Release|Any CPU
		{904D2A55-F862-47FC-B4DF-74599A9DC093}.Release|Any CPU.Build.0 = Release|Any CPU
		{FB66CE43-8AF7-4E71-BD3F-418102FD2F82}.Debug|Any CPU.ActiveCfg = Debug|Any CPU
		{FB66CE43-8AF7-4E71-BD3F-418102FD2F82}.Debug|Any CPU.Build.0 = Debug|Any CPU
		{FB66CE43-8AF7-4E71-BD3F-418102FD2F82}.Release|Any CPU.ActiveCfg = Release|Any CPU
		{FB66CE43-8AF7-4E71-BD3F-418102FD2F82}.Release|Any CPU.Build.0 = Release|Any CPU
		{C516FC3A-90FC-445D-856D-819382FD2970}.Debug|Any CPU.ActiveCfg = Debug|Any CPU
		{C516FC3A-90FC-445D-856D-819382FD2970}.Debug|Any CPU.Build.0 = Debug|Any CPU
		{C516FC3A-90FC-445D-856D-819382FD2970}.Release|Any CPU.ActiveCfg = Release|Any CPU
		{C516FC3A-90FC-445D-856D-819382FD2970}.Release|Any CPU.Build.0 = Release|Any CPU
		{4C2BBE91-E5BD-430F-85F7-1293987E555F}.Debug|Any CPU.ActiveCfg = Debug|Any CPU
		{4C2BBE91-E5BD-430F-85F7-1293987E555F}.Debug|Any CPU.Build.0 = Debug|Any CPU
		{4C2BBE91-E5BD-430F-85F7-1293987E555F}.Release|Any CPU.ActiveCfg = Release|Any CPU
		{4C2BBE91-E5BD-430F-85F7-1293987E555F}.Release|Any CPU.Build.0 = Release|Any CPU
		{A80EFBBE-7647-4497-80F7-D0A69FF3930F}.Debug|Any CPU.ActiveCfg = Debug|Any CPU
		{A80EFBBE-7647-4497-80F7-D0A69FF3930F}.Debug|Any CPU.Build.0 = Debug|Any CPU
		{A80EFBBE-7647-4497-80F7-D0A69FF3930F}.Release|Any CPU.ActiveCfg = Release|Any CPU
		{A80EFBBE-7647-4497-80F7-D0A69FF3930F}.Release|Any CPU.Build.0 = Release|Any CPU
	EndGlobalSection
	GlobalSection(SolutionProperties) = preSolution
		HideSolutionNode = FALSE
	EndGlobalSection
	GlobalSection(NestedProjects) = preSolution
		{50E34AF6-C9B6-486C-8764-0413A855915C} = {6DE7C1CA-8EEE-426F-9104-63C1D1431B89}
		{D707984E-945F-42A8-B9D9-1B980EB43E58} = {6DE7C1CA-8EEE-426F-9104-63C1D1431B89}
		{8BA5C26C-94D1-4FE1-AB91-0825F08E3161} = {6DE7C1CA-8EEE-426F-9104-63C1D1431B89}
		{E8093088-5F00-446C-9123-DDAFC9ACA0E7} = {6DE7C1CA-8EEE-426F-9104-63C1D1431B89}
		{B09C2126-4FF7-49FB-B098-94743580766B} = {0765C483-D69C-406B-B74B-EF755323AFC5}
		{CDC424F5-3B33-48EA-8024-34F7FE262B52} = {45D4079C-4EB2-4B66-B099-B9AB8B13B090}
		{FB66CE43-8AF7-4E71-BD3F-418102FD2F82} = {CDC424F5-3B33-48EA-8024-34F7FE262B52}
	EndGlobalSection
	GlobalSection(ExtensibilityGlobals) = postSolution
		SolutionGuid = {83F450AC-BC9F-4178-876E-A7DC5A85B601}
	EndGlobalSection
EndGlobal
